// !$*UTF8*$!
{
	archiveVersion = 1;
	classes = {
	};
	objectVersion = 56;
	objects = {

/* Begin PBXBuildFile section */
		0C86D7042C1B550200804E14 /* PadMateApp.swift in Sources */ = {isa = PBXBuildFile; fileRef = 0C86D7032C1B550200804E14 /* PadMateApp.swift */; };
		0C86D7062C1B550200804E14 /* ContentView.swift in Sources */ = {isa = PBXBuildFile; fileRef = 0C86D7052C1B550200804E14 /* ContentView.swift */; };
		0C86D7082C1B550300804E14 /* Assets.xcassets in Resources */ = {isa = PBXBuildFile; fileRef = 0C86D7072C1B550300804E14 /* Assets.xcassets */; };
		0C86D70B2C1B550300804E14 /* Preview Assets.xcassets in Resources */ = {isa = PBXBuildFile; fileRef = 0C86D70A2C1B550300804E14 /* Preview Assets.xcassets */; };
		0C86D7152C1B550300804E14 /* PadMateTests.swift in Sources */ = {isa = PBXBuildFile; fileRef = 0C86D7142C1B550300804E14 /* PadMateTests.swift */; };
		0C86D71F2C1B550300804E14 /* PadMateUITests.swift in Sources */ = {isa = PBXBuildFile; fileRef = 0C86D71E2C1B550300804E14 /* PadMateUITests.swift */; };
		0C86D7212C1B550300804E14 /* PadMateUITestsLaunchTests.swift in Sources */ = {isa = PBXBuildFile; fileRef = 0C86D7202C1B550300804E14 /* PadMateUITestsLaunchTests.swift */; };
		0C86D7312C1B568100804E14 /* RectangularForm.swift in Sources */ = {isa = PBXBuildFile; fileRef = 0C86D7302C1B568100804E14 /* RectangularForm.swift */; };
		0C86D7342C1B682C00804E14 /* RectangularPad.swift in Sources */ = {isa = PBXBuildFile; fileRef = 0C86D7332C1B682C00804E14 /* RectangularPad.swift */; };
		0C86D7372C1B6D4D00804E14 /* RectangularPadServiceProtocol.swift in Sources */ = {isa = PBXBuildFile; fileRef = 0C86D7362C1B6D4D00804E14 /* RectangularPadServiceProtocol.swift */; };
		0C86D73A2C1B6D9B00804E14 /* RectangularPadService.swift in Sources */ = {isa = PBXBuildFile; fileRef = 0C86D7392C1B6D9B00804E14 /* RectangularPadService.swift */; };
		0C86D73D2C1B701A00804E14 /* RectangularPadViewModel.swift in Sources */ = {isa = PBXBuildFile; fileRef = 0C86D73C2C1B701A00804E14 /* RectangularPadViewModel.swift */; };
		0C86D7412C1B83E000804E14 /* ResultView.swift in Sources */ = {isa = PBXBuildFile; fileRef = 0C86D7402C1B83E000804E14 /* ResultView.swift */; };
/* End PBXBuildFile section */

/* Begin PBXContainerItemProxy section */
		0C86D7112C1B550300804E14 /* PBXContainerItemProxy */ = {
			isa = PBXContainerItemProxy;
			containerPortal = 0C86D6F82C1B550200804E14 /* Project object */;
			proxyType = 1;
			remoteGlobalIDString = 0C86D6FF2C1B550200804E14;
			remoteInfo = PadMate;
		};
		0C86D71B2C1B550300804E14 /* PBXContainerItemProxy */ = {
			isa = PBXContainerItemProxy;
			containerPortal = 0C86D6F82C1B550200804E14 /* Project object */;
			proxyType = 1;
			remoteGlobalIDString = 0C86D6FF2C1B550200804E14;
			remoteInfo = PadMate;
		};
/* End PBXContainerItemProxy section */

/* Begin PBXFileReference section */
		0C86D7002C1B550200804E14 /* PadMate.app */ = {isa = PBXFileReference; explicitFileType = wrapper.application; includeInIndex = 0; path = PadMate.app; sourceTree = BUILT_PRODUCTS_DIR; };
		0C86D7032C1B550200804E14 /* PadMateApp.swift */ = {isa = PBXFileReference; lastKnownFileType = sourcecode.swift; path = PadMateApp.swift; sourceTree = "<group>"; };
		0C86D7052C1B550200804E14 /* ContentView.swift */ = {isa = PBXFileReference; lastKnownFileType = sourcecode.swift; path = ContentView.swift; sourceTree = "<group>"; };
		0C86D7072C1B550300804E14 /* Assets.xcassets */ = {isa = PBXFileReference; lastKnownFileType = folder.assetcatalog; path = Assets.xcassets; sourceTree = "<group>"; };
		0C86D70A2C1B550300804E14 /* Preview Assets.xcassets */ = {isa = PBXFileReference; lastKnownFileType = folder.assetcatalog; path = "Preview Assets.xcassets"; sourceTree = "<group>"; };
		0C86D7102C1B550300804E14 /* PadMateTests.xctest */ = {isa = PBXFileReference; explicitFileType = wrapper.cfbundle; includeInIndex = 0; path = PadMateTests.xctest; sourceTree = BUILT_PRODUCTS_DIR; };
		0C86D7142C1B550300804E14 /* PadMateTests.swift */ = {isa = PBXFileReference; lastKnownFileType = sourcecode.swift; path = PadMateTests.swift; sourceTree = "<group>"; };
		0C86D71A2C1B550300804E14 /* PadMateUITests.xctest */ = {isa = PBXFileReference; explicitFileType = wrapper.cfbundle; includeInIndex = 0; path = PadMateUITests.xctest; sourceTree = BUILT_PRODUCTS_DIR; };
		0C86D71E2C1B550300804E14 /* PadMateUITests.swift */ = {isa = PBXFileReference; lastKnownFileType = sourcecode.swift; path = PadMateUITests.swift; sourceTree = "<group>"; };
		0C86D7202C1B550300804E14 /* PadMateUITestsLaunchTests.swift */ = {isa = PBXFileReference; lastKnownFileType = sourcecode.swift; path = PadMateUITestsLaunchTests.swift; sourceTree = "<group>"; };
		0C86D7302C1B568100804E14 /* RectangularForm.swift */ = {isa = PBXFileReference; lastKnownFileType = sourcecode.swift; path = RectangularForm.swift; sourceTree = "<group>"; };
		0C86D7332C1B682C00804E14 /* RectangularPad.swift */ = {isa = PBXFileReference; lastKnownFileType = sourcecode.swift; path = RectangularPad.swift; sourceTree = "<group>"; };
		0C86D7362C1B6D4D00804E14 /* RectangularPadServiceProtocol.swift */ = {isa = PBXFileReference; lastKnownFileType = sourcecode.swift; path = RectangularPadServiceProtocol.swift; sourceTree = "<group>"; };
		0C86D7392C1B6D9B00804E14 /* RectangularPadService.swift */ = {isa = PBXFileReference; lastKnownFileType = sourcecode.swift; path = RectangularPadService.swift; sourceTree = "<group>"; };
		0C86D73C2C1B701A00804E14 /* RectangularPadViewModel.swift */ = {isa = PBXFileReference; lastKnownFileType = sourcecode.swift; path = RectangularPadViewModel.swift; sourceTree = "<group>"; };
		0C86D7402C1B83E000804E14 /* ResultView.swift */ = {isa = PBXFileReference; lastKnownFileType = sourcecode.swift; path = ResultView.swift; sourceTree = "<group>"; };
/* End PBXFileReference section */

/* Begin PBXFrameworksBuildPhase section */
		0C86D6FD2C1B550200804E14 /* Frameworks */ = {
			isa = PBXFrameworksBuildPhase;
			buildActionMask = 2147483647;
			files = (
			);
			runOnlyForDeploymentPostprocessing = 0;
		};
		0C86D70D2C1B550300804E14 /* Frameworks */ = {
			isa = PBXFrameworksBuildPhase;
			buildActionMask = 2147483647;
			files = (
			);
			runOnlyForDeploymentPostprocessing = 0;
		};
		0C86D7172C1B550300804E14 /* Frameworks */ = {
			isa = PBXFrameworksBuildPhase;
			buildActionMask = 2147483647;
			files = (
			);
			runOnlyForDeploymentPostprocessing = 0;
		};
/* End PBXFrameworksBuildPhase section */

/* Begin PBXGroup section */
		0C86D6F72C1B550200804E14 = {
			isa = PBXGroup;
			children = (
				0C86D7022C1B550200804E14 /* PadMate */,
				0C86D7132C1B550300804E14 /* PadMateTests */,
				0C86D71D2C1B550300804E14 /* PadMateUITests */,
				0C86D7012C1B550200804E14 /* Products */,
			);
			sourceTree = "<group>";
		};
		0C86D7012C1B550200804E14 /* Products */ = {
			isa = PBXGroup;
			children = (
				0C86D7002C1B550200804E14 /* PadMate.app */,
				0C86D7102C1B550300804E14 /* PadMateTests.xctest */,
				0C86D71A2C1B550300804E14 /* PadMateUITests.xctest */,
			);
			name = Products;
			sourceTree = "<group>";
		};
		0C86D7022C1B550200804E14 /* PadMate */ = {
			isa = PBXGroup;
			children = (
				0C86D72D2C1B550B00804E14 /* Features */,
				0C86D7032C1B550200804E14 /* PadMateApp.swift */,
				0C86D7052C1B550200804E14 /* ContentView.swift */,
				0C86D7072C1B550300804E14 /* Assets.xcassets */,
				0C86D7092C1B550300804E14 /* Preview Content */,
			);
			path = PadMate;
			sourceTree = "<group>";
		};
		0C86D7092C1B550300804E14 /* Preview Content */ = {
			isa = PBXGroup;
			children = (
				0C86D70A2C1B550300804E14 /* Preview Assets.xcassets */,
			);
			path = "Preview Content";
			sourceTree = "<group>";
		};
		0C86D7132C1B550300804E14 /* PadMateTests */ = {
			isa = PBXGroup;
			children = (
				0C86D7142C1B550300804E14 /* PadMateTests.swift */,
			);
			path = PadMateTests;
			sourceTree = "<group>";
		};
		0C86D71D2C1B550300804E14 /* PadMateUITests */ = {
			isa = PBXGroup;
			children = (
				0C86D71E2C1B550300804E14 /* PadMateUITests.swift */,
				0C86D7202C1B550300804E14 /* PadMateUITestsLaunchTests.swift */,
			);
			path = PadMateUITests;
			sourceTree = "<group>";
		};
		0C86D72D2C1B550B00804E14 /* Features */ = {
			isa = PBXGroup;
			children = (
				0C86D73E2C1B833100804E14 /* Result */,
				0C86D72E2C1B551500804E14 /* RectangularPad */,
			);
			path = Features;
			sourceTree = "<group>";
		};
		0C86D72E2C1B551500804E14 /* RectangularPad */ = {
			isa = PBXGroup;
			children = (
				0C86D73B2C1B6FF400804E14 /* ViewModels */,
				0C86D7382C1B6D8500804E14 /* Services */,
				0C86D7352C1B6CEB00804E14 /* Protocols */,
				0C86D7322C1B67E700804E14 /* Models */,
				0C86D72F2C1B555100804E14 /* Views */,
			);
			path = RectangularPad;
			sourceTree = "<group>";
		};
		0C86D72F2C1B555100804E14 /* Views */ = {
			isa = PBXGroup;
			children = (
				0C86D7302C1B568100804E14 /* RectangularForm.swift */,
			);
			path = Views;
			sourceTree = "<group>";
		};
		0C86D7322C1B67E700804E14 /* Models */ = {
			isa = PBXGroup;
			children = (
				0C86D7332C1B682C00804E14 /* RectangularPad.swift */,
			);
			path = Models;
			sourceTree = "<group>";
		};
		0C86D7352C1B6CEB00804E14 /* Protocols */ = {
			isa = PBXGroup;
			children = (
				0C86D7362C1B6D4D00804E14 /* RectangularPadServiceProtocol.swift */,
			);
			path = Protocols;
			sourceTree = "<group>";
		};
		0C86D7382C1B6D8500804E14 /* Services */ = {
			isa = PBXGroup;
			children = (
				0C86D7392C1B6D9B00804E14 /* RectangularPadService.swift */,
			);
			path = Services;
			sourceTree = "<group>";
		};
		0C86D73B2C1B6FF400804E14 /* ViewModels */ = {
			isa = PBXGroup;
			children = (
				0C86D73C2C1B701A00804E14 /* RectangularPadViewModel.swift */,
			);
			path = ViewModels;
			sourceTree = "<group>";
		};
		0C86D73E2C1B833100804E14 /* Result */ = {
			isa = PBXGroup;
			children = (
				0C86D73F2C1B83B200804E14 /* Views */,
			);
			path = Result;
			sourceTree = "<group>";
		};
		0C86D73F2C1B83B200804E14 /* Views */ = {
			isa = PBXGroup;
			children = (
				0C86D7402C1B83E000804E14 /* ResultView.swift */,
			);
			path = Views;
			sourceTree = "<group>";
		};
/* End PBXGroup section */

/* Begin PBXNativeTarget section */
		0C86D6FF2C1B550200804E14 /* PadMate */ = {
			isa = PBXNativeTarget;
			buildConfigurationList = 0C86D7242C1B550300804E14 /* Build configuration list for PBXNativeTarget "PadMate" */;
			buildPhases = (
				0C86D6FC2C1B550200804E14 /* Sources */,
				0C86D6FD2C1B550200804E14 /* Frameworks */,
				0C86D6FE2C1B550200804E14 /* Resources */,
			);
			buildRules = (
			);
			dependencies = (
			);
			name = PadMate;
			productName = PadMate;
			productReference = 0C86D7002C1B550200804E14 /* PadMate.app */;
			productType = "com.apple.product-type.application";
		};
		0C86D70F2C1B550300804E14 /* PadMateTests */ = {
			isa = PBXNativeTarget;
			buildConfigurationList = 0C86D7272C1B550300804E14 /* Build configuration list for PBXNativeTarget "PadMateTests" */;
			buildPhases = (
				0C86D70C2C1B550300804E14 /* Sources */,
				0C86D70D2C1B550300804E14 /* Frameworks */,
				0C86D70E2C1B550300804E14 /* Resources */,
			);
			buildRules = (
			);
			dependencies = (
				0C86D7122C1B550300804E14 /* PBXTargetDependency */,
			);
			name = PadMateTests;
			productName = PadMateTests;
			productReference = 0C86D7102C1B550300804E14 /* PadMateTests.xctest */;
			productType = "com.apple.product-type.bundle.unit-test";
		};
		0C86D7192C1B550300804E14 /* PadMateUITests */ = {
			isa = PBXNativeTarget;
			buildConfigurationList = 0C86D72A2C1B550300804E14 /* Build configuration list for PBXNativeTarget "PadMateUITests" */;
			buildPhases = (
				0C86D7162C1B550300804E14 /* Sources */,
				0C86D7172C1B550300804E14 /* Frameworks */,
				0C86D7182C1B550300804E14 /* Resources */,
			);
			buildRules = (
			);
			dependencies = (
				0C86D71C2C1B550300804E14 /* PBXTargetDependency */,
			);
			name = PadMateUITests;
			productName = PadMateUITests;
			productReference = 0C86D71A2C1B550300804E14 /* PadMateUITests.xctest */;
			productType = "com.apple.product-type.bundle.ui-testing";
		};
/* End PBXNativeTarget section */

/* Begin PBXProject section */
		0C86D6F82C1B550200804E14 /* Project object */ = {
			isa = PBXProject;
			attributes = {
				BuildIndependentTargetsInParallel = 1;
				LastSwiftUpdateCheck = 1540;
				LastUpgradeCheck = 1540;
				TargetAttributes = {
					0C86D6FF2C1B550200804E14 = {
						CreatedOnToolsVersion = 15.4;
					};
					0C86D70F2C1B550300804E14 = {
						CreatedOnToolsVersion = 15.4;
						TestTargetID = 0C86D6FF2C1B550200804E14;
					};
					0C86D7192C1B550300804E14 = {
						CreatedOnToolsVersion = 15.4;
						TestTargetID = 0C86D6FF2C1B550200804E14;
					};
				};
			};
			buildConfigurationList = 0C86D6FB2C1B550200804E14 /* Build configuration list for PBXProject "PadMate" */;
			compatibilityVersion = "Xcode 14.0";
			developmentRegion = en;
			hasScannedForEncodings = 0;
			knownRegions = (
				en,
				Base,
			);
			mainGroup = 0C86D6F72C1B550200804E14;
			productRefGroup = 0C86D7012C1B550200804E14 /* Products */;
			projectDirPath = "";
			projectRoot = "";
			targets = (
				0C86D6FF2C1B550200804E14 /* PadMate */,
				0C86D70F2C1B550300804E14 /* PadMateTests */,
				0C86D7192C1B550300804E14 /* PadMateUITests */,
			);
		};
/* End PBXProject section */

/* Begin PBXResourcesBuildPhase section */
		0C86D6FE2C1B550200804E14 /* Resources */ = {
			isa = PBXResourcesBuildPhase;
			buildActionMask = 2147483647;
			files = (
				0C86D70B2C1B550300804E14 /* Preview Assets.xcassets in Resources */,
				0C86D7082C1B550300804E14 /* Assets.xcassets in Resources */,
			);
			runOnlyForDeploymentPostprocessing = 0;
		};
		0C86D70E2C1B550300804E14 /* Resources */ = {
			isa = PBXResourcesBuildPhase;
			buildActionMask = 2147483647;
			files = (
			);
			runOnlyForDeploymentPostprocessing = 0;
		};
		0C86D7182C1B550300804E14 /* Resources */ = {
			isa = PBXResourcesBuildPhase;
			buildActionMask = 2147483647;
			files = (
			);
			runOnlyForDeploymentPostprocessing = 0;
		};
/* End PBXResourcesBuildPhase section */

/* Begin PBXSourcesBuildPhase section */
		0C86D6FC2C1B550200804E14 /* Sources */ = {
			isa = PBXSourcesBuildPhase;
			buildActionMask = 2147483647;
			files = (
				0C86D7342C1B682C00804E14 /* RectangularPad.swift in Sources */,
				0C86D7062C1B550200804E14 /* ContentView.swift in Sources */,
				0C86D73D2C1B701A00804E14 /* RectangularPadViewModel.swift in Sources */,
				0C86D7042C1B550200804E14 /* PadMateApp.swift in Sources */,
				0C86D7372C1B6D4D00804E14 /* RectangularPadServiceProtocol.swift in Sources */,
				0C86D7412C1B83E000804E14 /* ResultView.swift in Sources */,
				0C86D73A2C1B6D9B00804E14 /* RectangularPadService.swift in Sources */,
				0C86D7312C1B568100804E14 /* RectangularForm.swift in Sources */,
			);
			runOnlyForDeploymentPostprocessing = 0;
		};
		0C86D70C2C1B550300804E14 /* Sources */ = {
			isa = PBXSourcesBuildPhase;
			buildActionMask = 2147483647;
			files = (
				0C86D7152C1B550300804E14 /* PadMateTests.swift in Sources */,
			);
			runOnlyForDeploymentPostprocessing = 0;
		};
		0C86D7162C1B550300804E14 /* Sources */ = {
			isa = PBXSourcesBuildPhase;
			buildActionMask = 2147483647;
			files = (
				0C86D71F2C1B550300804E14 /* PadMateUITests.swift in Sources */,
				0C86D7212C1B550300804E14 /* PadMateUITestsLaunchTests.swift in Sources */,
			);
			runOnlyForDeploymentPostprocessing = 0;
		};
/* End PBXSourcesBuildPhase section */

/* Begin PBXTargetDependency section */
		0C86D7122C1B550300804E14 /* PBXTargetDependency */ = {
			isa = PBXTargetDependency;
			target = 0C86D6FF2C1B550200804E14 /* PadMate */;
			targetProxy = 0C86D7112C1B550300804E14 /* PBXContainerItemProxy */;
		};
		0C86D71C2C1B550300804E14 /* PBXTargetDependency */ = {
			isa = PBXTargetDependency;
			target = 0C86D6FF2C1B550200804E14 /* PadMate */;
			targetProxy = 0C86D71B2C1B550300804E14 /* PBXContainerItemProxy */;
		};
/* End PBXTargetDependency section */

/* Begin XCBuildConfiguration section */
		0C86D7222C1B550300804E14 /* Debug */ = {
			isa = XCBuildConfiguration;
			buildSettings = {
				ALWAYS_SEARCH_USER_PATHS = NO;
				ASSETCATALOG_COMPILER_GENERATE_SWIFT_ASSET_SYMBOL_EXTENSIONS = YES;
				CLANG_ANALYZER_NONNULL = YES;
				CLANG_ANALYZER_NUMBER_OBJECT_CONVERSION = YES_AGGRESSIVE;
				CLANG_CXX_LANGUAGE_STANDARD = "gnu++20";
				CLANG_ENABLE_MODULES = YES;
				CLANG_ENABLE_OBJC_ARC = YES;
				CLANG_ENABLE_OBJC_WEAK = YES;
				CLANG_WARN_BLOCK_CAPTURE_AUTORELEASING = YES;
				CLANG_WARN_BOOL_CONVERSION = YES;
				CLANG_WARN_COMMA = YES;
				CLANG_WARN_CONSTANT_CONVERSION = YES;
				CLANG_WARN_DEPRECATED_OBJC_IMPLEMENTATIONS = YES;
				CLANG_WARN_DIRECT_OBJC_ISA_USAGE = YES_ERROR;
				CLANG_WARN_DOCUMENTATION_COMMENTS = YES;
				CLANG_WARN_EMPTY_BODY = YES;
				CLANG_WARN_ENUM_CONVERSION = YES;
				CLANG_WARN_INFINITE_RECURSION = YES;
				CLANG_WARN_INT_CONVERSION = YES;
				CLANG_WARN_NON_LITERAL_NULL_CONVERSION = YES;
				CLANG_WARN_OBJC_IMPLICIT_RETAIN_SELF = YES;
				CLANG_WARN_OBJC_LITERAL_CONVERSION = YES;
				CLANG_WARN_OBJC_ROOT_CLASS = YES_ERROR;
				CLANG_WARN_QUOTED_INCLUDE_IN_FRAMEWORK_HEADER = YES;
				CLANG_WARN_RANGE_LOOP_ANALYSIS = YES;
				CLANG_WARN_STRICT_PROTOTYPES = YES;
				CLANG_WARN_SUSPICIOUS_MOVE = YES;
				CLANG_WARN_UNGUARDED_AVAILABILITY = YES_AGGRESSIVE;
				CLANG_WARN_UNREACHABLE_CODE = YES;
				CLANG_WARN__DUPLICATE_METHOD_MATCH = YES;
				COPY_PHASE_STRIP = NO;
				DEBUG_INFORMATION_FORMAT = dwarf;
				ENABLE_STRICT_OBJC_MSGSEND = YES;
				ENABLE_TESTABILITY = YES;
				ENABLE_USER_SCRIPT_SANDBOXING = YES;
				GCC_C_LANGUAGE_STANDARD = gnu17;
				GCC_DYNAMIC_NO_PIC = NO;
				GCC_NO_COMMON_BLOCKS = YES;
				GCC_OPTIMIZATION_LEVEL = 0;
				GCC_PREPROCESSOR_DEFINITIONS = (
					"DEBUG=1",
					"$(inherited)",
				);
				GCC_WARN_64_TO_32_BIT_CONVERSION = YES;
				GCC_WARN_ABOUT_RETURN_TYPE = YES_ERROR;
				GCC_WARN_UNDECLARED_SELECTOR = YES;
				GCC_WARN_UNINITIALIZED_AUTOS = YES_AGGRESSIVE;
				GCC_WARN_UNUSED_FUNCTION = YES;
				GCC_WARN_UNUSED_VARIABLE = YES;
				IPHONEOS_DEPLOYMENT_TARGET = 17.5;
				LOCALIZATION_PREFERS_STRING_CATALOGS = YES;
				MTL_ENABLE_DEBUG_INFO = INCLUDE_SOURCE;
				MTL_FAST_MATH = YES;
				ONLY_ACTIVE_ARCH = YES;
				SDKROOT = iphoneos;
				SWIFT_ACTIVE_COMPILATION_CONDITIONS = "DEBUG $(inherited)";
				SWIFT_OPTIMIZATION_LEVEL = "-Onone";
			};
			name = Debug;
		};
		0C86D7232C1B550300804E14 /* Release */ = {
			isa = XCBuildConfiguration;
			buildSettings = {
				ALWAYS_SEARCH_USER_PATHS = NO;
				ASSETCATALOG_COMPILER_GENERATE_SWIFT_ASSET_SYMBOL_EXTENSIONS = YES;
				CLANG_ANALYZER_NONNULL = YES;
				CLANG_ANALYZER_NUMBER_OBJECT_CONVERSION = YES_AGGRESSIVE;
				CLANG_CXX_LANGUAGE_STANDARD = "gnu++20";
				CLANG_ENABLE_MODULES = YES;
				CLANG_ENABLE_OBJC_ARC = YES;
				CLANG_ENABLE_OBJC_WEAK = YES;
				CLANG_WARN_BLOCK_CAPTURE_AUTORELEASING = YES;
				CLANG_WARN_BOOL_CONVERSION = YES;
				CLANG_WARN_COMMA = YES;
				CLANG_WARN_CONSTANT_CONVERSION = YES;
				CLANG_WARN_DEPRECATED_OBJC_IMPLEMENTATIONS = YES;
				CLANG_WARN_DIRECT_OBJC_ISA_USAGE = YES_ERROR;
				CLANG_WARN_DOCUMENTATION_COMMENTS = YES;
				CLANG_WARN_EMPTY_BODY = YES;
				CLANG_WARN_ENUM_CONVERSION = YES;
				CLANG_WARN_INFINITE_RECURSION = YES;
				CLANG_WARN_INT_CONVERSION = YES;
				CLANG_WARN_NON_LITERAL_NULL_CONVERSION = YES;
				CLANG_WARN_OBJC_IMPLICIT_RETAIN_SELF = YES;
				CLANG_WARN_OBJC_LITERAL_CONVERSION = YES;
				CLANG_WARN_OBJC_ROOT_CLASS = YES_ERROR;
				CLANG_WARN_QUOTED_INCLUDE_IN_FRAMEWORK_HEADER = YES;
				CLANG_WARN_RANGE_LOOP_ANALYSIS = YES;
				CLANG_WARN_STRICT_PROTOTYPES = YES;
				CLANG_WARN_SUSPICIOUS_MOVE = YES;
				CLANG_WARN_UNGUARDED_AVAILABILITY = YES_AGGRESSIVE;
				CLANG_WARN_UNREACHABLE_CODE = YES;
				CLANG_WARN__DUPLICATE_METHOD_MATCH = YES;
				COPY_PHASE_STRIP = NO;
				DEBUG_INFORMATION_FORMAT = "dwarf-with-dsym";
				ENABLE_NS_ASSERTIONS = NO;
				ENABLE_STRICT_OBJC_MSGSEND = YES;
				ENABLE_USER_SCRIPT_SANDBOXING = YES;
				GCC_C_LANGUAGE_STANDARD = gnu17;
				GCC_NO_COMMON_BLOCKS = YES;
				GCC_WARN_64_TO_32_BIT_CONVERSION = YES;
				GCC_WARN_ABOUT_RETURN_TYPE = YES_ERROR;
				GCC_WARN_UNDECLARED_SELECTOR = YES;
				GCC_WARN_UNINITIALIZED_AUTOS = YES_AGGRESSIVE;
				GCC_WARN_UNUSED_FUNCTION = YES;
				GCC_WARN_UNUSED_VARIABLE = YES;
				IPHONEOS_DEPLOYMENT_TARGET = 17.5;
				LOCALIZATION_PREFERS_STRING_CATALOGS = YES;
				MTL_ENABLE_DEBUG_INFO = NO;
				MTL_FAST_MATH = YES;
				SDKROOT = iphoneos;
				SWIFT_COMPILATION_MODE = wholemodule;
				VALIDATE_PRODUCT = YES;
			};
			name = Release;
		};
		0C86D7252C1B550300804E14 /* Debug */ = {
			isa = XCBuildConfiguration;
			buildSettings = {
				ASSETCATALOG_COMPILER_APPICON_NAME = AppIcon;
				ASSETCATALOG_COMPILER_GLOBAL_ACCENT_COLOR_NAME = AccentColor;
				CODE_SIGN_STYLE = Automatic;
				CURRENT_PROJECT_VERSION = 1;
				DEVELOPMENT_ASSET_PATHS = "\"PadMate/Preview Content\"";
				DEVELOPMENT_TEAM = M3DM7C8Y62;
				ENABLE_PREVIEWS = YES;
				GENERATE_INFOPLIST_FILE = YES;
				INFOPLIST_KEY_UIApplicationSceneManifest_Generation = YES;
				INFOPLIST_KEY_UIApplicationSupportsIndirectInputEvents = YES;
				INFOPLIST_KEY_UILaunchScreen_Generation = YES;
				INFOPLIST_KEY_UISupportedInterfaceOrientations_iPad = "UIInterfaceOrientationPortrait UIInterfaceOrientationPortraitUpsideDown UIInterfaceOrientationLandscapeLeft UIInterfaceOrientationLandscapeRight";
				INFOPLIST_KEY_UISupportedInterfaceOrientations_iPhone = "UIInterfaceOrientationPortrait UIInterfaceOrientationLandscapeLeft UIInterfaceOrientationLandscapeRight";
				LD_RUNPATH_SEARCH_PATHS = (
					"$(inherited)",
					"@executable_path/Frameworks",
				);
				MARKETING_VERSION = 1.0;
				PRODUCT_BUNDLE_IDENTIFIER = com.dandouglas.PadMate;
				PRODUCT_NAME = "$(TARGET_NAME)";
				SWIFT_EMIT_LOC_STRINGS = YES;
				SWIFT_VERSION = 5.0;
				TARGETED_DEVICE_FAMILY = "1,2";
			};
			name = Debug;
		};
		0C86D7262C1B550300804E14 /* Release */ = {
			isa = XCBuildConfiguration;
			buildSettings = {
				ASSETCATALOG_COMPILER_APPICON_NAME = AppIcon;
				ASSETCATALOG_COMPILER_GLOBAL_ACCENT_COLOR_NAME = AccentColor;
				CODE_SIGN_STYLE = Automatic;
				CURRENT_PROJECT_VERSION = 1;
				DEVELOPMENT_ASSET_PATHS = "\"PadMate/Preview Content\"";
				DEVELOPMENT_TEAM = M3DM7C8Y62;
				ENABLE_PREVIEWS = YES;
				GENERATE_INFOPLIST_FILE = YES;
				INFOPLIST_KEY_UIApplicationSceneManifest_Generation = YES;
				INFOPLIST_KEY_UIApplicationSupportsIndirectInputEvents = YES;
				INFOPLIST_KEY_UILaunchScreen_Generation = YES;
				INFOPLIST_KEY_UISupportedInterfaceOrientations_iPad = "UIInterfaceOrientationPortrait UIInterfaceOrientationPortraitUpsideDown UIInterfaceOrientationLandscapeLeft UIInterfaceOrientationLandscapeRight";
				INFOPLIST_KEY_UISupportedInterfaceOrientations_iPhone = "UIInterfaceOrientationPortrait UIInterfaceOrientationLandscapeLeft UIInterfaceOrientationLandscapeRight";
				LD_RUNPATH_SEARCH_PATHS = (
					"$(inherited)",
					"@executable_path/Frameworks",
				);
				MARKETING_VERSION = 1.0;
				PRODUCT_BUNDLE_IDENTIFIER = com.dandouglas.PadMate;
				PRODUCT_NAME = "$(TARGET_NAME)";
				SWIFT_EMIT_LOC_STRINGS = YES;
				SWIFT_VERSION = 5.0;
				TARGETED_DEVICE_FAMILY = "1,2";
			};
			name = Release;
		};
		0C86D7282C1B550300804E14 /* Debug */ = {
			isa = XCBuildConfiguration;
			buildSettings = {
				ALWAYS_EMBED_SWIFT_STANDARD_LIBRARIES = YES;
				BUNDLE_LOADER = "$(TEST_HOST)";
				CODE_SIGN_STYLE = Automatic;
				CURRENT_PROJECT_VERSION = 1;
				DEVELOPMENT_TEAM = M3DM7C8Y62;
				GENERATE_INFOPLIST_FILE = YES;
				IPHONEOS_DEPLOYMENT_TARGET = 17.5;
				MARKETING_VERSION = 1.0;
				PRODUCT_BUNDLE_IDENTIFIER = com.dandouglas.PadMateTests;
				PRODUCT_NAME = "$(TARGET_NAME)";
				SWIFT_EMIT_LOC_STRINGS = NO;
				SWIFT_VERSION = 5.0;
				TARGETED_DEVICE_FAMILY = "1,2";
				TEST_HOST = "$(BUILT_PRODUCTS_DIR)/PadMate.app/$(BUNDLE_EXECUTABLE_FOLDER_PATH)/PadMate";
			};
			name = Debug;
		};
		0C86D7292C1B550300804E14 /* Release */ = {
			isa = XCBuildConfiguration;
			buildSettings = {
				ALWAYS_EMBED_SWIFT_STANDARD_LIBRARIES = YES;
				BUNDLE_LOADER = "$(TEST_HOST)";
				CODE_SIGN_STYLE = Automatic;
				CURRENT_PROJECT_VERSION = 1;
				DEVELOPMENT_TEAM = M3DM7C8Y62;
				GENERATE_INFOPLIST_FILE = YES;
				IPHONEOS_DEPLOYMENT_TARGET = 17.5;
				MARKETING_VERSION = 1.0;
				PRODUCT_BUNDLE_IDENTIFIER = com.dandouglas.PadMateTests;
				PRODUCT_NAME = "$(TARGET_NAME)";
				SWIFT_EMIT_LOC_STRINGS = NO;
				SWIFT_VERSION = 5.0;
				TARGETED_DEVICE_FAMILY = "1,2";
				TEST_HOST = "$(BUILT_PRODUCTS_DIR)/PadMate.app/$(BUNDLE_EXECUTABLE_FOLDER_PATH)/PadMate";
			};
			name = Release;
		};
		0C86D72B2C1B550300804E14 /* Debug */ = {
			isa = XCBuildConfiguration;
			buildSettings = {
				ALWAYS_EMBED_SWIFT_STANDARD_LIBRARIES = YES;
				CODE_SIGN_STYLE = Automatic;
				CURRENT_PROJECT_VERSION = 1;
				DEVELOPMENT_TEAM = M3DM7C8Y62;
				GENERATE_INFOPLIST_FILE = YES;
				MARKETING_VERSION = 1.0;
				PRODUCT_BUNDLE_IDENTIFIER = com.dandouglas.PadMateUITests;
				PRODUCT_NAME = "$(TARGET_NAME)";
				SWIFT_EMIT_LOC_STRINGS = NO;
				SWIFT_VERSION = 5.0;
				TARGETED_DEVICE_FAMILY = "1,2";
				TEST_TARGET_NAME = PadMate;
			};
			name = Debug;
		};
		0C86D72C2C1B550300804E14 /* Release */ = {
			isa = XCBuildConfiguration;
			buildSettings = {
				ALWAYS_EMBED_SWIFT_STANDARD_LIBRARIES = YES;
				CODE_SIGN_STYLE = Automatic;
				CURRENT_PROJECT_VERSION = 1;
				DEVELOPMENT_TEAM = M3DM7C8Y62;
				GENERATE_INFOPLIST_FILE = YES;
				MARKETING_VERSION = 1.0;
				PRODUCT_BUNDLE_IDENTIFIER = com.dandouglas.PadMateUITests;
				PRODUCT_NAME = "$(TARGET_NAME)";
				SWIFT_EMIT_LOC_STRINGS = NO;
				SWIFT_VERSION = 5.0;
				TARGETED_DEVICE_FAMILY = "1,2";
				TEST_TARGET_NAME = PadMate;
			};
			name = Release;
		};
/* End XCBuildConfiguration section */

/* Begin XCConfigurationList section */
		0C86D6FB2C1B550200804E14 /* Build configuration list for PBXProject "PadMate" */ = {
			isa = XCConfigurationList;
			buildConfigurations = (
				0C86D7222C1B550300804E14 /* Debug */,
				0C86D7232C1B550300804E14 /* Release */,
			);
			defaultConfigurationIsVisible = 0;
			defaultConfigurationName = Release;
		};
		0C86D7242C1B550300804E14 /* Build configuration list for PBXNativeTarget "PadMate" */ = {
			isa = XCConfigurationList;
			buildConfigurations = (
				0C86D7252C1B550300804E14 /* Debug */,
				0C86D7262C1B550300804E14 /* Release */,
			);
			defaultConfigurationIsVisible = 0;
			defaultConfigurationName = Release;
		};
		0C86D7272C1B550300804E14 /* Build configuration list for PBXNativeTarget "PadMateTests" */ = {
			isa = XCConfigurationList;
			buildConfigurations = (
				0C86D7282C1B550300804E14 /* Debug */,
				0C86D7292C1B550300804E14 /* Release */,
			);
			defaultConfigurationIsVisible = 0;
			defaultConfigurationName = Release;
		};
		0C86D72A2C1B550300804E14 /* Build configuration list for PBXNativeTarget "PadMateUITests" */ = {
			isa = XCConfigurationList;
			buildConfigurations = (
				0C86D72B2C1B550300804E14 /* Debug */,
				0C86D72C2C1B550300804E14 /* Release */,
			);
			defaultConfigurationIsVisible = 0;
			defaultConfigurationName = Release;
		};
/* End XCConfigurationList section */
	};
	rootObject = 0C86D6F82C1B550200804E14 /* Project object */;
}
